
Microsoft Visual Studio Solution File, Format Version 12.00
# Visual Studio Version 16
VisualStudioVersion = 16.0.30621.155
MinimumVisualStudioVersion = 10.0.40219.1
Project("{FAE04EC0-301F-11D3-BF4B-00C04F79EFBC}") = "420-N33-LA_WPF_Calculator", "420-N33-LA_WPF_Calculator\420-N33-LA_WPF_Calculator.csproj", "{AF015D86-A725-4C8E-8B47-36FD0C69FC31}"
EndProject
Global
	GlobalSection(SolutionConfigurationPlatforms) = preSolution
		Debug|Any CPU = Debug|Any CPU
		Release|Any CPU = Release|Any CPU
	EndGlobalSection
	GlobalSection(ProjectConfigurationPlatforms) = postSolution
		{AF015D86-A725-4C8E-8B47-36FD0C69FC31}.Debug|Any CPU.ActiveCfg = Debug|Any CPU
		{AF015D86-A725-4C8E-8B47-36FD0C69FC31}.Debug|Any CPU.Build.0 = Debug|Any CPU
		{AF015D86-A725-4C8E-8B47-36FD0C69FC31}.Release|Any CPU.ActiveCfg = Release|Any CPU
		{AF015D86-A725-4C8E-8B47-36FD0C69FC31}.Release|Any CPU.Build.0 = Release|Any CPU
	EndGlobalSection
	GlobalSection(SolutionProperties) = preSolution
		HideSolutionNode = FALSE
	EndGlobalSection
	GlobalSection(ExtensibilityGlobals) = postSolution
		SolutionGuid = {6BA8F690-0A1F-44A7-A941-1A5E65C449AD}
	EndGlobalSection
EndGlobal
